
Microsoft Visual Studio Solution File, Format Version 12.00
# Visual Studio Version 17
VisualStudioVersion = 17.4.33213.308
MinimumVisualStudioVersion = 10.0.40219.1
Project("{FAE04EC0-301F-11D3-BF4B-00C04F79EFBC}") = "CompressZip", "CompressZip\CompressZip.csproj", "{2D39CEF3-4B81-47D7-9193-05C0D6FF1CB0}"
EndProject
Project("{FAE04EC0-301F-11D3-BF4B-00C04F79EFBC}") = "Entities", "Entities\Entities.csproj", "{EF021971-08B4-4474-B031-3899BB5D8984}"
EndProject
Project("{FAE04EC0-301F-11D3-BF4B-00C04F79EFBC}") = "Model", "Model\Model.csproj", "{3C2D67FF-BBBA-4643-A303-9FF936BA2C05}"
EndProject
Global
	GlobalSection(SolutionConfigurationPlatforms) = preSolution
		Debug|Any CPU = Debug|Any CPU
		Release|Any CPU = Release|Any CPU
	EndGlobalSection
	GlobalSection(ProjectConfigurationPlatforms) = postSolution
		{2D39CEF3-4B81-47D7-9193-05C0D6FF1CB0}.Debug|Any CPU.ActiveCfg = Debug|Any CPU
		{2D39CEF3-4B81-47D7-9193-05C0D6FF1CB0}.Debug|Any CPU.Build.0 = Debug|Any CPU
		{2D39CEF3-4B81-47D7-9193-05C0D6FF1CB0}.Release|Any CPU.ActiveCfg = Release|Any CPU
		{2D39CEF3-4B81-47D7-9193-05C0D6FF1CB0}.Release|Any CPU.Build.0 = Release|Any CPU
		{EF021971-08B4-4474-B031-3899BB5D8984}.Debug|Any CPU.ActiveCfg = Debug|Any CPU
		{EF021971-08B4-4474-B031-3899BB5D8984}.Debug|Any CPU.Build.0 = Debug|Any CPU
		{EF021971-08B4-4474-B031-3899BB5D8984}.Release|Any CPU.ActiveCfg = Release|Any CPU
		{EF021971-08B4-4474-B031-3899BB5D8984}.Release|Any CPU.Build.0 = Release|Any CPU
		{3C2D67FF-BBBA-4643-A303-9FF936BA2C05}.Debug|Any CPU.ActiveCfg = Debug|Any CPU
		{3C2D67FF-BBBA-4643-A303-9FF936BA2C05}.Debug|Any CPU.Build.0 = Debug|Any CPU
		{3C2D67FF-BBBA-4643-A303-9FF936BA2C05}.Release|Any CPU.ActiveCfg = Release|Any CPU
		{3C2D67FF-BBBA-4643-A303-9FF936BA2C05}.Release|Any CPU.Build.0 = Release|Any CPU
	EndGlobalSection
	GlobalSection(SolutionProperties) = preSolution
		HideSolutionNode = FALSE
	EndGlobalSection
	GlobalSection(ExtensibilityGlobals) = postSolution
		SolutionGuid = {8D281649-7B48-45FB-A63A-DFDD8EE781B9}
	EndGlobalSection
EndGlobal
